
Microsoft Visual Studio Solution File, Format Version 12.00
# Visual Studio 15
Project("{FAE04EC0-301F-11D3-BF4B-00C04F79EFBC}") = "Assembly-CSharp", "Assembly-CSharp.csproj", "{DB422226-ED16-BF72-D3DD-EAF6710C3CE6}"
EndProject
Project("{FAE04EC0-301F-11D3-BF4B-00C04F79EFBC}") = "Assembly-CSharp-Editor", "Assembly-CSharp-Editor.csproj", "{ED5F4E20-8506-BC75-C349-4FE24D0234ED}"
EndProject
Global
	GlobalSection(SolutionConfigurationPlatforms) = preSolution
		Debug|Any CPU = Debug|Any CPU
		Release|Any CPU = Release|Any CPU
	EndGlobalSection
	GlobalSection(ProjectConfigurationPlatforms) = postSolution
		{DB422226-ED16-BF72-D3DD-EAF6710C3CE6}.Debug|Any CPU.ActiveCfg = Debug|Any CPU
		{DB422226-ED16-BF72-D3DD-EAF6710C3CE6}.Debug|Any CPU.Build.0 = Debug|Any CPU
		{DB422226-ED16-BF72-D3DD-EAF6710C3CE6}.Release|Any CPU.ActiveCfg = Release|Any CPU
		{DB422226-ED16-BF72-D3DD-EAF6710C3CE6}.Release|Any CPU.Build.0 = Release|Any CPU
		{ED5F4E20-8506-BC75-C349-4FE24D0234ED}.Debug|Any CPU.ActiveCfg = Debug|Any CPU
		{ED5F4E20-8506-BC75-C349-4FE24D0234ED}.Debug|Any CPU.Build.0 = Debug|Any CPU
		{ED5F4E20-8506-BC75-C349-4FE24D0234ED}.Release|Any CPU.ActiveCfg = Release|Any CPU
		{ED5F4E20-8506-BC75-C349-4FE24D0234ED}.Release|Any CPU.Build.0 = Release|Any CPU
	EndGlobalSection
	GlobalSection(SolutionProperties) = preSolution
		HideSolutionNode = FALSE
	EndGlobalSection
EndGlobal
